
Microsoft Visual Studio Solution File, Format Version 11.00
# Visual Studio 2010
Project("{FAE04EC0-301F-11D3-BF4B-00C04F79EFBC}") = "RibbonStyle", "RibbonStyle\RibbonStyle.csproj", "{6EEF9ABA-6762-4A72-8B14-3E9312073DCF}"
EndProject
Project("{FAE04EC0-301F-11D3-BF4B-00C04F79EFBC}") = "AutoUpdater", "AutoUpdater\AutoUpdater.csproj", "{BAEF2F6F-2D2F-4816-9E56-869365A86B76}"
EndProject
Project("{FAE04EC0-301F-11D3-BF4B-00C04F79EFBC}") = "Communication", "Communication\Communication.csproj", "{8DD0505F-1E32-4141-B497-06D338710C47}"
EndProject
Project("{FAE04EC0-301F-11D3-BF4B-00C04F79EFBC}") = "Patterns", "Patterns\Patterns.csproj", "{5CC0424B-E57E-4DAE-8EAA-05A61019C7BF}"
EndProject
Project("{FAE04EC0-301F-11D3-BF4B-00C04F79EFBC}") = "PoL.Common", "PoL.Common\PoL.Common.csproj", "{2A59B1E6-104B-41E0-80F6-4141283BAF63}"
EndProject
Project("{FAE04EC0-301F-11D3-BF4B-00C04F79EFBC}") = "PoL.Configuration", "PoL.Configuration\PoL.Configuration.csproj", "{FB868D8F-B865-4EA3-A289-DDD4D9337A40}"
EndProject
Project("{FAE04EC0-301F-11D3-BF4B-00C04F79EFBC}") = "PoL.Logic", "PoL.Logic\PoL.Logic.csproj", "{9EA044E4-D872-4056-A448-0E54EA4A1F93}"
EndProject
Project("{FAE04EC0-301F-11D3-BF4B-00C04F79EFBC}") = "PoL.Models", "PoL.Models\PoL.Models.csproj", "{B5267EC0-AC00-4B2C-B04A-83EE99532930}"
EndProject
Project("{FAE04EC0-301F-11D3-BF4B-00C04F79EFBC}") = "PoL.Server", "PoL.Server\PoL.Server.csproj", "{E478CDBC-706B-47D3-A32F-CD2DADA0C307}"
EndProject
Project("{FAE04EC0-301F-11D3-BF4B-00C04F79EFBC}") = "PoL.Services", "PoL.Services\PoL.Services.csproj", "{8CE351F2-B36A-49E5-9A0E-EF95BE257101}"
EndProject
Project("{FAE04EC0-301F-11D3-BF4B-00C04F79EFBC}") = "PoL.Test", "PoL.Test\PoL.Test.csproj", "{08DEC62D-2986-44C9-8DEB-3AC8AA17A34F}"
EndProject
Project("{FAE04EC0-301F-11D3-BF4B-00C04F79EFBC}") = "PoL.WinFormsView", "PoL.WinFormsView\PoL.WinFormsView.csproj", "{9B9979D9-EE51-4BA9-AB5A-8DC376B5694A}"
EndProject
Global
	GlobalSection(SolutionConfigurationPlatforms) = preSolution
		Debug No Sign|Any CPU = Debug No Sign|Any CPU
		Debug No Sign|Mixed Platforms = Debug No Sign|Mixed Platforms
		Debug No Sign|x86 = Debug No Sign|x86
		Debug|Any CPU = Debug|Any CPU
		Debug|Mixed Platforms = Debug|Mixed Platforms
		Debug|x86 = Debug|x86
		Release|Any CPU = Release|Any CPU
		Release|Mixed Platforms = Release|Mixed Platforms
		Release|x86 = Release|x86
	EndGlobalSection
	GlobalSection(ProjectConfigurationPlatforms) = postSolution
		{6EEF9ABA-6762-4A72-8B14-3E9312073DCF}.Debug No Sign|Any CPU.ActiveCfg = Debug No Sign|Any CPU
		{6EEF9ABA-6762-4A72-8B14-3E9312073DCF}.Debug No Sign|Any CPU.Build.0 = Debug No Sign|Any CPU
		{6EEF9ABA-6762-4A72-8B14-3E9312073DCF}.Debug No Sign|Mixed Platforms.ActiveCfg = Debug No Sign|Any CPU
		{6EEF9ABA-6762-4A72-8B14-3E9312073DCF}.Debug No Sign|x86.ActiveCfg = Debug No Sign|Any CPU
		{6EEF9ABA-6762-4A72-8B14-3E9312073DCF}.Debug|Any CPU.ActiveCfg = Debug|Any CPU
		{6EEF9ABA-6762-4A72-8B14-3E9312073DCF}.Debug|Any CPU.Build.0 = Debug|Any CPU
		{6EEF9ABA-6762-4A72-8B14-3E9312073DCF}.Debug|Mixed Platforms.ActiveCfg = Debug|Any CPU
		{6EEF9ABA-6762-4A72-8B14-3E9312073DCF}.Debug|Mixed Platforms.Build.0 = Debug|Any CPU
		{6EEF9ABA-6762-4A72-8B14-3E9312073DCF}.Debug|x86.ActiveCfg = Debug|Any CPU
		{6EEF9ABA-6762-4A72-8B14-3E9312073DCF}.Release|Any CPU.ActiveCfg = Release|Any CPU
		{6EEF9ABA-6762-4A72-8B14-3E9312073DCF}.Release|Any CPU.Build.0 = Release|Any CPU
		{6EEF9ABA-6762-4A72-8B14-3E9312073DCF}.Release|Mixed Platforms.ActiveCfg = Release|Any CPU
		{6EEF9ABA-6762-4A72-8B14-3E9312073DCF}.Release|Mixed Platforms.Build.0 = Release|Any CPU
		{6EEF9ABA-6762-4A72-8B14-3E9312073DCF}.Release|x86.ActiveCfg = Release|Any CPU
		{BAEF2F6F-2D2F-4816-9E56-869365A86B76}.Debug No Sign|Any CPU.ActiveCfg = Debug No Sign|Any CPU
		{BAEF2F6F-2D2F-4816-9E56-869365A86B76}.Debug No Sign|Any CPU.Build.0 = Debug No Sign|Any CPU
		{BAEF2F6F-2D2F-4816-9E56-869365A86B76}.Debug No Sign|Mixed Platforms.ActiveCfg = Debug No Sign|Any CPU
		{BAEF2F6F-2D2F-4816-9E56-869365A86B76}.Debug No Sign|x86.ActiveCfg = Debug No Sign|Any CPU
		{BAEF2F6F-2D2F-4816-9E56-869365A86B76}.Debug|Any CPU.ActiveCfg = Debug|Any CPU
		{BAEF2F6F-2D2F-4816-9E56-869365A86B76}.Debug|Any CPU.Build.0 = Debug|Any CPU
		{BAEF2F6F-2D2F-4816-9E56-869365A86B76}.Debug|Mixed Platforms.ActiveCfg = Debug|Any CPU
		{BAEF2F6F-2D2F-4816-9E56-869365A86B76}.Debug|Mixed Platforms.Build.0 = Debug|Any CPU
		{BAEF2F6F-2D2F-4816-9E56-869365A86B76}.Debug|x86.ActiveCfg = Debug|Any CPU
		{BAEF2F6F-2D2F-4816-9E56-869365A86B76}.Release|Any CPU.ActiveCfg = Release|Any CPU
		{BAEF2F6F-2D2F-4816-9E56-869365A86B76}.Release|Any CPU.Build.0 = Release|Any CPU
		{BAEF2F6F-2D2F-4816-9E56-869365A86B76}.Release|Mixed Platforms.ActiveCfg = Release|Any CPU
		{BAEF2F6F-2D2F-4816-9E56-869365A86B76}.Release|Mixed Platforms.Build.0 = Release|Any CPU
		{BAEF2F6F-2D2F-4816-9E56-869365A86B76}.Release|x86.ActiveCfg = Release|Any CPU
		{8DD0505F-1E32-4141-B497-06D338710C47}.Debug No Sign|Any CPU.ActiveCfg = Debug No Sign|Any CPU
		{8DD0505F-1E32-4141-B497-06D338710C47}.Debug No Sign|Any CPU.Build.0 = Debug No Sign|Any CPU
		{8DD0505F-1E32-4141-B497-06D338710C47}.Debug No Sign|Mixed Platforms.ActiveCfg = Debug No Sign|Any CPU
		{8DD0505F-1E32-4141-B497-06D338710C47}.Debug No Sign|x86.ActiveCfg = Debug No Sign|Any CPU
		{8DD0505F-1E32-4141-B497-06D338710C47}.Debug|Any CPU.ActiveCfg = Debug|Any CPU
		{8DD0505F-1E32-4141-B497-06D338710C47}.Debug|Any CPU.Build.0 = Debug|Any CPU
		{8DD0505F-1E32-4141-B497-06D338710C47}.Debug|Mixed Platforms.ActiveCfg = Debug|Any CPU
		{8DD0505F-1E32-4141-B497-06D338710C47}.Debug|Mixed Platforms.Build.0 = Debug|Any CPU
		{8DD0505F-1E32-4141-B497-06D338710C47}.Debug|x86.ActiveCfg = Debug|Any CPU
		{8DD0505F-1E32-4141-B497-06D338710C47}.Release|Any CPU.ActiveCfg = Release|Any CPU
		{8DD0505F-1E32-4141-B497-06D338710C47}.Release|Any CPU.Build.0 = Release|Any CPU
		{8DD0505F-1E32-4141-B497-06D338710C47}.Release|Mixed Platforms.ActiveCfg = Release|Any CPU
		{8DD0505F-1E32-4141-B497-06D338710C47}.Release|Mixed Platforms.Build.0 = Release|Any CPU
		{8DD0505F-1E32-4141-B497-06D338710C47}.Release|x86.ActiveCfg = Release|Any CPU
		{5CC0424B-E57E-4DAE-8EAA-05A61019C7BF}.Debug No Sign|Any CPU.ActiveCfg = Debug No Sign|Any CPU
		{5CC0424B-E57E-4DAE-8EAA-05A61019C7BF}.Debug No Sign|Any CPU.Build.0 = Debug No Sign|Any CPU
		{5CC0424B-E57E-4DAE-8EAA-05A61019C7BF}.Debug No Sign|Mixed Platforms.ActiveCfg = Debug No Sign|Any CPU
		{5CC0424B-E57E-4DAE-8EAA-05A61019C7BF}.Debug No Sign|x86.ActiveCfg = Debug No Sign|Any CPU
		{5CC0424B-E57E-4DAE-8EAA-05A61019C7BF}.Debug|Any CPU.ActiveCfg = Debug|Any CPU
		{5CC0424B-E57E-4DAE-8EAA-05A61019C7BF}.Debug|Any CPU.Build.0 = Debug|Any CPU
		{5CC0424B-E57E-4DAE-8EAA-05A61019C7BF}.Debug|Mixed Platforms.ActiveCfg = Debug|Any CPU
		{5CC0424B-E57E-4DAE-8EAA-05A61019C7BF}.Debug|Mixed Platforms.Build.0 = Debug|Any CPU
		{5CC0424B-E57E-4DAE-8EAA-05A61019C7BF}.Debug|x86.ActiveCfg = Debug|Any CPU
		{5CC0424B-E57E-4DAE-8EAA-05A61019C7BF}.Release|Any CPU.ActiveCfg = Release|Any CPU
		{5CC0424B-E57E-4DAE-8EAA-05A61019C7BF}.Release|Any CPU.Build.0 = Release|Any CPU
		{5CC0424B-E57E-4DAE-8EAA-05A61019C7BF}.Release|Mixed Platforms.ActiveCfg = Release|Any CPU
		{5CC0424B-E57E-4DAE-8EAA-05A61019C7BF}.Release|Mixed Platforms.Build.0 = Release|Any CPU
		{5CC0424B-E57E-4DAE-8EAA-05A61019C7BF}.Release|x86.ActiveCfg = Release|Any CPU
		{2A59B1E6-104B-41E0-80F6-4141283BAF63}.Debug No Sign|Any CPU.ActiveCfg = Debug No Sign|Any CPU
		{2A59B1E6-104B-41E0-80F6-4141283BAF63}.Debug No Sign|Any CPU.Build.0 = Debug No Sign|Any CPU
		{2A59B1E6-104B-41E0-80F6-4141283BAF63}.Debug No Sign|Mixed Platforms.ActiveCfg = Debug No Sign|Any CPU
		{2A59B1E6-104B-41E0-80F6-4141283BAF63}.Debug No Sign|x86.ActiveCfg = Debug No Sign|Any CPU
		{2A59B1E6-104B-41E0-80F6-4141283BAF63}.Debug|Any CPU.ActiveCfg = Debug|Any CPU
		{2A59B1E6-104B-41E0-80F6-4141283BAF63}.Debug|Any CPU.Build.0 = Debug|Any CPU
		{2A59B1E6-104B-41E0-80F6-4141283BAF63}.Debug|Mixed Platforms.ActiveCfg = Debug|Any CPU
		{2A59B1E6-104B-41E0-80F6-4141283BAF63}.Debug|Mixed Platforms.Build.0 = Debug|Any CPU
		{2A59B1E6-104B-41E0-80F6-4141283BAF63}.Debug|x86.ActiveCfg = Debug|Any CPU
		{2A59B1E6-104B-41E0-80F6-4141283BAF63}.Release|Any CPU.ActiveCfg = Release|Any CPU
		{2A59B1E6-104B-41E0-80F6-4141283BAF63}.Release|Any CPU.Build.0 = Release|Any CPU
		{2A59B1E6-104B-41E0-80F6-4141283BAF63}.Release|Mixed Platforms.ActiveCfg = Release|Any CPU
		{2A59B1E6-104B-41E0-80F6-4141283BAF63}.Release|Mixed Platforms.Build.0 = Release|Any CPU
		{2A59B1E6-104B-41E0-80F6-4141283BAF63}.Release|x86.ActiveCfg = Release|Any CPU
		{FB868D8F-B865-4EA3-A289-DDD4D9337A40}.Debug No Sign|Any CPU.ActiveCfg = Debug No Sign|Any CPU
		{FB868D8F-B865-4EA3-A289-DDD4D9337A40}.Debug No Sign|Any CPU.Build.0 = Debug No Sign|Any CPU
		{FB868D8F-B865-4EA3-A289-DDD4D9337A40}.Debug No Sign|Mixed Platforms.ActiveCfg = Debug No Sign|Any CPU
		{FB868D8F-B865-4EA3-A289-DDD4D9337A40}.Debug No Sign|x86.ActiveCfg = Debug No Sign|Any CPU
		{FB868D8F-B865-4EA3-A289-DDD4D9337A40}.Debug|Any CPU.ActiveCfg = Debug|Any CPU
		{FB868D8F-B865-4EA3-A289-DDD4D9337A40}.Debug|Any CPU.Build.0 = Debug|Any CPU
		{FB868D8F-B865-4EA3-A289-DDD4D9337A40}.Debug|Mixed Platforms.ActiveCfg = Debug|Any CPU
		{FB868D8F-B865-4EA3-A289-DDD4D9337A40}.Debug|Mixed Platforms.Build.0 = Debug|Any CPU
		{FB868D8F-B865-4EA3-A289-DDD4D9337A40}.Debug|x86.ActiveCfg = Debug|Any CPU
		{FB868D8F-B865-4EA3-A289-DDD4D9337A40}.Release|Any CPU.ActiveCfg = Release|Any CPU
		{FB868D8F-B865-4EA3-A289-DDD4D9337A40}.Release|Any CPU.Build.0 = Release|Any CPU
		{FB868D8F-B865-4EA3-A289-DDD4D9337A40}.Release|Mixed Platforms.ActiveCfg = Release|Any CPU
		{FB868D8F-B865-4EA3-A289-DDD4D9337A40}.Release|Mixed Platforms.Build.0 = Release|Any CPU
		{FB868D8F-B865-4EA3-A289-DDD4D9337A40}.Release|x86.ActiveCfg = Release|Any CPU
		{9EA044E4-D872-4056-A448-0E54EA4A1F93}.Debug No Sign|Any CPU.ActiveCfg = Debug No Sign|Any CPU
		{9EA044E4-D872-4056-A448-0E54EA4A1F93}.Debug No Sign|Any CPU.Build.0 = Debug No Sign|Any CPU
		{9EA044E4-D872-4056-A448-0E54EA4A1F93}.Debug No Sign|Mixed Platforms.ActiveCfg = Debug No Sign|Any CPU
		{9EA044E4-D872-4056-A448-0E54EA4A1F93}.Debug No Sign|x86.ActiveCfg = Debug No Sign|Any CPU
		{9EA044E4-D872-4056-A448-0E54EA4A1F93}.Debug|Any CPU.ActiveCfg = Debug|Any CPU
		{9EA044E4-D872-4056-A448-0E54EA4A1F93}.Debug|Any CPU.Build.0 = Debug|Any CPU
		{9EA044E4-D872-4056-A448-0E54EA4A1F93}.Debug|Mixed Platforms.ActiveCfg = Debug|Any CPU
		{9EA044E4-D872-4056-A448-0E54EA4A1F93}.Debug|Mixed Platforms.Build.0 = Debug|Any CPU
		{9EA044E4-D872-4056-A448-0E54EA4A1F93}.Debug|x86.ActiveCfg = Debug|Any CPU
		{9EA044E4-D872-4056-A448-0E54EA4A1F93}.Release|Any CPU.ActiveCfg = Release|Any CPU
		{9EA044E4-D872-4056-A448-0E54EA4A1F93}.Release|Any CPU.Build.0 = Release|Any CPU
		{9EA044E4-D872-4056-A448-0E54EA4A1F93}.Release|Mixed Platforms.ActiveCfg = Release|Any CPU
		{9EA044E4-D872-4056-A448-0E54EA4A1F93}.Release|Mixed Platforms.Build.0 = Release|Any CPU
		{9EA044E4-D872-4056-A448-0E54EA4A1F93}.Release|x86.ActiveCfg = Release|Any CPU
		{B5267EC0-AC00-4B2C-B04A-83EE99532930}.Debug No Sign|Any CPU.ActiveCfg = Debug No Sign|Any CPU
		{B5267EC0-AC00-4B2C-B04A-83EE99532930}.Debug No Sign|Any CPU.Build.0 = Debug No Sign|Any CPU
		{B5267EC0-AC00-4B2C-B04A-83EE99532930}.Debug No Sign|Mixed Platforms.ActiveCfg = Debug No Sign|Any CPU
		{B5267EC0-AC00-4B2C-B04A-83EE99532930}.Debug No Sign|x86.ActiveCfg = Debug No Sign|Any CPU
		{B5267EC0-AC00-4B2C-B04A-83EE99532930}.Debug|Any CPU.ActiveCfg = Debug|Any CPU
		{B5267EC0-AC00-4B2C-B04A-83EE99532930}.Debug|Any CPU.Build.0 = Debug|Any CPU
		{B5267EC0-AC00-4B2C-B04A-83EE99532930}.Debug|Mixed Platforms.ActiveCfg = Debug|Any CPU
		{B5267EC0-AC00-4B2C-B04A-83EE99532930}.Debug|Mixed Platforms.Build.0 = Debug|Any CPU
		{B5267EC0-AC00-4B2C-B04A-83EE99532930}.Debug|x86.ActiveCfg = Debug|Any CPU
		{B5267EC0-AC00-4B2C-B04A-83EE99532930}.Release|Any CPU.ActiveCfg = Release|Any CPU
		{B5267EC0-AC00-4B2C-B04A-83EE99532930}.Release|Any CPU.Build.0 = Release|Any CPU
		{B5267EC0-AC00-4B2C-B04A-83EE99532930}.Release|Mixed Platforms.ActiveCfg = Release|Any CPU
		{B5267EC0-AC00-4B2C-B04A-83EE99532930}.Release|Mixed Platforms.Build.0 = Release|Any CPU
		{B5267EC0-AC00-4B2C-B04A-83EE99532930}.Release|x86.ActiveCfg = Release|Any CPU
		{E478CDBC-706B-47D3-A32F-CD2DADA0C307}.Debug No Sign|Any CPU.ActiveCfg = Debug No Sign|Any CPU
		{E478CDBC-706B-47D3-A32F-CD2DADA0C307}.Debug No Sign|Any CPU.Build.0 = Debug No Sign|Any CPU
		{E478CDBC-706B-47D3-A32F-CD2DADA0C307}.Debug No Sign|Mixed Platforms.ActiveCfg = Debug No Sign|Any CPU
		{E478CDBC-706B-47D3-A32F-CD2DADA0C307}.Debug No Sign|x86.ActiveCfg = Debug No Sign|x86
		{E478CDBC-706B-47D3-A32F-CD2DADA0C307}.Debug|Any CPU.ActiveCfg = Debug|x86
		{E478CDBC-706B-47D3-A32F-CD2DADA0C307}.Debug|Mixed Platforms.ActiveCfg = Debug|x86
		{E478CDBC-706B-47D3-A32F-CD2DADA0C307}.Debug|Mixed Platforms.Build.0 = Debug|x86
		{E478CDBC-706B-47D3-A32F-CD2DADA0C307}.Debug|x86.ActiveCfg = Debug|x86
		{E478CDBC-706B-47D3-A32F-CD2DADA0C307}.Debug|x86.Build.0 = Debug|x86
		{E478CDBC-706B-47D3-A32F-CD2DADA0C307}.Release|Any CPU.ActiveCfg = Release|x86
		{E478CDBC-706B-47D3-A32F-CD2DADA0C307}.Release|Mixed Platforms.ActiveCfg = Release|x86
		{E478CDBC-706B-47D3-A32F-CD2DADA0C307}.Release|Mixed Platforms.Build.0 = Release|x86
		{E478CDBC-706B-47D3-A32F-CD2DADA0C307}.Release|x86.ActiveCfg = Release|x86
		{E478CDBC-706B-47D3-A32F-CD2DADA0C307}.Release|x86.Build.0 = Release|x86
		{8CE351F2-B36A-49E5-9A0E-EF95BE257101}.Debug No Sign|Any CPU.ActiveCfg = Debug No Sign|Any CPU
		{8CE351F2-B36A-49E5-9A0E-EF95BE257101}.Debug No Sign|Any CPU.Build.0 = Debug No Sign|Any CPU
		{8CE351F2-B36A-49E5-9A0E-EF95BE257101}.Debug No Sign|Mixed Platforms.ActiveCfg = Debug No Sign|Any CPU
		{8CE351F2-B36A-49E5-9A0E-EF95BE257101}.Debug No Sign|x86.ActiveCfg = Debug No Sign|Any CPU
		{8CE351F2-B36A-49E5-9A0E-EF95BE257101}.Debug|Any CPU.ActiveCfg = Debug|Any CPU
		{8CE351F2-B36A-49E5-9A0E-EF95BE257101}.Debug|Any CPU.Build.0 = Debug|Any CPU
		{8CE351F2-B36A-49E5-9A0E-EF95BE257101}.Debug|Mixed Platforms.ActiveCfg = Debug|Any CPU
		{8CE351F2-B36A-49E5-9A0E-EF95BE257101}.Debug|Mixed Platforms.Build.0 = Debug|Any CPU
		{8CE351F2-B36A-49E5-9A0E-EF95BE257101}.Debug|x86.ActiveCfg = Debug|Any CPU
		{8CE351F2-B36A-49E5-9A0E-EF95BE257101}.Release|Any CPU.ActiveCfg = Release|Any CPU
		{8CE351F2-B36A-49E5-9A0E-EF95BE257101}.Release|Any CPU.Build.0 = Release|Any CPU
		{8CE351F2-B36A-49E5-9A0E-EF95BE257101}.Release|Mixed Platforms.ActiveCfg = Release|Any CPU
		{8CE351F2-B36A-49E5-9A0E-EF95BE257101}.Release|Mixed Platforms.Build.0 = Release|Any CPU
		{8CE351F2-B36A-49E5-9A0E-EF95BE257101}.Release|x86.ActiveCfg = Release|Any CPU
		{08DEC62D-2986-44C9-8DEB-3AC8AA17A34F}.Debug No Sign|Any CPU.ActiveCfg = Debug No Sign|Any CPU
		{08DEC62D-2986-44C9-8DEB-3AC8AA17A34F}.Debug No Sign|Any CPU.Build.0 = Debug No Sign|Any CPU
		{08DEC62D-2986-44C9-8DEB-3AC8AA17A34F}.Debug No Sign|Mixed Platforms.ActiveCfg = Debug No Sign|Any CPU
		{08DEC62D-2986-44C9-8DEB-3AC8AA17A34F}.Debug No Sign|x86.ActiveCfg = Debug No Sign|Any CPU
		{08DEC62D-2986-44C9-8DEB-3AC8AA17A34F}.Debug|Any CPU.ActiveCfg = Debug|Any CPU
		{08DEC62D-2986-44C9-8DEB-3AC8AA17A34F}.Debug|Any CPU.Build.0 = Debug|Any CPU
		{08DEC62D-2986-44C9-8DEB-3AC8AA17A34F}.Debug|Mixed Platforms.ActiveCfg = Debug|Any CPU
		{08DEC62D-2986-44C9-8DEB-3AC8AA17A34F}.Debug|Mixed Platforms.Build.0 = Debug|Any CPU
		{08DEC62D-2986-44C9-8DEB-3AC8AA17A34F}.Debug|x86.ActiveCfg = Debug|Any CPU
		{08DEC62D-2986-44C9-8DEB-3AC8AA17A34F}.Release|Any CPU.ActiveCfg = Release|Any CPU
		{08DEC62D-2986-44C9-8DEB-3AC8AA17A34F}.Release|Any CPU.Build.0 = Release|Any CPU
		{08DEC62D-2986-44C9-8DEB-3AC8AA17A34F}.Release|Mixed Platforms.ActiveCfg = Release|Any CPU
		{08DEC62D-2986-44C9-8DEB-3AC8AA17A34F}.Release|Mixed Platforms.Build.0 = Release|Any CPU
		{08DEC62D-2986-44C9-8DEB-3AC8AA17A34F}.Release|x86.ActiveCfg = Release|Any CPU
		{9B9979D9-EE51-4BA9-AB5A-8DC376B5694A}.Debug No Sign|Any CPU.ActiveCfg = Debug No Sign|Any CPU
		{9B9979D9-EE51-4BA9-AB5A-8DC376B5694A}.Debug No Sign|Any CPU.Build.0 = Debug No Sign|Any CPU
		{9B9979D9-EE51-4BA9-AB5A-8DC376B5694A}.Debug No Sign|Mixed Platforms.ActiveCfg = Debug No Sign|Any CPU
		{9B9979D9-EE51-4BA9-AB5A-8DC376B5694A}.Debug No Sign|x86.ActiveCfg = Debug No Sign|Any CPU
		{9B9979D9-EE51-4BA9-AB5A-8DC376B5694A}.Debug|Any CPU.ActiveCfg = Debug|Any CPU
		{9B9979D9-EE51-4BA9-AB5A-8DC376B5694A}.Debug|Any CPU.Build.0 = Debug|Any CPU
		{9B9979D9-EE51-4BA9-AB5A-8DC376B5694A}.Debug|Mixed Platforms.ActiveCfg = Debug|Any CPU
		{9B9979D9-EE51-4BA9-AB5A-8DC376B5694A}.Debug|Mixed Platforms.Build.0 = Debug|Any CPU
		{9B9979D9-EE51-4BA9-AB5A-8DC376B5694A}.Debug|x86.ActiveCfg = Debug|Any CPU
		{9B9979D9-EE51-4BA9-AB5A-8DC376B5694A}.Release|Any CPU.ActiveCfg = Release|Any CPU
		{9B9979D9-EE51-4BA9-AB5A-8DC376B5694A}.Release|Any CPU.Build.0 = Release|Any CPU
		{9B9979D9-EE51-4BA9-AB5A-8DC376B5694A}.Release|Mixed Platforms.ActiveCfg = Release|Any CPU
		{9B9979D9-EE51-4BA9-AB5A-8DC376B5694A}.Release|Mixed Platforms.Build.0 = Release|Any CPU
		{9B9979D9-EE51-4BA9-AB5A-8DC376B5694A}.Release|x86.ActiveCfg = Release|Any CPU
	EndGlobalSection
	GlobalSection(SolutionProperties) = preSolution
		HideSolutionNode = FALSE
	EndGlobalSection
	GlobalSection(MonoDevelopProperties) = preSolution
		StartupItem = PoL.WinFormsView\PoL.WinFormsView.csproj
	EndGlobalSection
EndGlobal
